
Microsoft Visual Studio Solution File, Format Version 12.00
# Visual Studio Version 17
VisualStudioVersion = 17.12.35506.116 d17.12
MinimumVisualStudioVersion = 10.0.40219.1
Project("{FAE04EC0-301F-11D3-BF4B-00C04F79EFBC}") = "WeatherDataAggregator", "WeatherDataAggregator.csproj", "{B3997AC7-30E8-4C42-A75F-683739ECEC62}"
EndProject
Global
	GlobalSection(SolutionConfigurationPlatforms) = preSolution
		Debug|Any CPU = Debug|Any CPU
		Release|Any CPU = Release|Any CPU
	EndGlobalSection
	GlobalSection(ProjectConfigurationPlatforms) = postSolution
		{B3997AC7-30E8-4C42-A75F-683739ECEC62}.Debug|Any CPU.ActiveCfg = Debug|Any CPU
		{B3997AC7-30E8-4C42-A75F-683739ECEC62}.Debug|Any CPU.Build.0 = Debug|Any CPU
		{B3997AC7-30E8-4C42-A75F-683739ECEC62}.Release|Any CPU.ActiveCfg = Release|Any CPU
		{B3997AC7-30E8-4C42-A75F-683739ECEC62}.Release|Any CPU.Build.0 = Release|Any CPU
	EndGlobalSection
	GlobalSection(SolutionProperties) = preSolution
		HideSolutionNode = FALSE
	EndGlobalSection
EndGlobal
